// !$*UTF8*$!
{
	archiveVersion = 1;
	classes = {
	};
	objectVersion = 46;
	objects = {

/* Begin PBXBuildFile section */
		3DEED3A01DAE9364006B9705 /* AppDelegate.swift in Sources */ = {isa = PBXBuildFile; fileRef = 3DEED39F1DAE9364006B9705 /* AppDelegate.swift */; };
		3DEED3A41DAE9364006B9705 /* Actions.sks in Resources */ = {isa = PBXBuildFile; fileRef = 3DEED3A31DAE9364006B9705 /* Actions.sks */; };
		3DEED3A61DAE9364006B9705 /* GameScene.swift in Sources */ = {isa = PBXBuildFile; fileRef = 3DEED3A51DAE9364006B9705 /* GameScene.swift */; };
		3DEED3A81DAE9364006B9705 /* GameViewController.swift in Sources */ = {isa = PBXBuildFile; fileRef = 3DEED3A71DAE9364006B9705 /* GameViewController.swift */; };
		3DEED3AB1DAE9364006B9705 /* Main.storyboard in Resources */ = {isa = PBXBuildFile; fileRef = 3DEED3A91DAE9364006B9705 /* Main.storyboard */; };
		3DEED3AD1DAE9364006B9705 /* Assets.xcassets in Resources */ = {isa = PBXBuildFile; fileRef = 3DEED3AC1DAE9364006B9705 /* Assets.xcassets */; };
		3DEED3B01DAE9364006B9705 /* LaunchScreen.storyboard in Resources */ = {isa = PBXBuildFile; fileRef = 3DEED3AE1DAE9364006B9705 /* LaunchScreen.storyboard */; };
		3DEED3BD1DAE95CA006B9705 /* background-music-aac.caf in Resources */ = {isa = PBXBuildFile; fileRef = 3DEED3BB1DAE95CA006B9705 /* background-music-aac.caf */; };
		3DEED3BE1DAE95CA006B9705 /* pew-pew-lei.caf in Resources */ = {isa = PBXBuildFile; fileRef = 3DEED3BC1DAE95CA006B9705 /* pew-pew-lei.caf */; };
		3DEED3C01DAEABF2006B9705 /* GameOverScene.swift in Sources */ = {isa = PBXBuildFile; fileRef = 3DEED3BF1DAEABF2006B9705 /* GameOverScene.swift */; };
/* End PBXBuildFile section */

/* Begin PBXFileReference section */
		3DEED39C1DAE9364006B9705 /* SpriteKitSimpleGame.app */ = {isa = PBXFileReference; explicitFileType = wrapper.application; includeInIndex = 0; path = SpriteKitSimpleGame.app; sourceTree = BUILT_PRODUCTS_DIR; };
		3DEED39F1DAE9364006B9705 /* AppDelegate.swift */ = {isa = PBXFileReference; lastKnownFileType = sourcecode.swift; path = AppDelegate.swift; sourceTree = "<group>"; };
		3DEED3A31DAE9364006B9705 /* Actions.sks */ = {isa = PBXFileReference; lastKnownFileType = file.sks; path = Actions.sks; sourceTree = "<group>"; };
		3DEED3A51DAE9364006B9705 /* GameScene.swift */ = {isa = PBXFileReference; lastKnownFileType = sourcecode.swift; path = GameScene.swift; sourceTree = "<group>"; };
		3DEED3A71DAE9364006B9705 /* GameViewController.swift */ = {isa = PBXFileReference; lastKnownFileType = sourcecode.swift; path = GameViewController.swift; sourceTree = "<group>"; };
		3DEED3AA1DAE9364006B9705 /* Base */ = {isa = PBXFileReference; lastKnownFileType = file.storyboard; name = Base; path = Base.lproj/Main.storyboard; sourceTree = "<group>"; };
		3DEED3AC1DAE9364006B9705 /* Assets.xcassets */ = {isa = PBXFileReference; lastKnownFileType = folder.assetcatalog; path = Assets.xcassets; sourceTree = "<group>"; };
		3DEED3AF1DAE9364006B9705 /* Base */ = {isa = PBXFileReference; lastKnownFileType = file.storyboard; name = Base; path = Base.lproj/LaunchScreen.storyboard; sourceTree = "<group>"; };
		3DEED3B11DAE9364006B9705 /* Info.plist */ = {isa = PBXFileReference; lastKnownFileType = text.plist.xml; path = Info.plist; sourceTree = "<group>"; };
		3DEED3BB1DAE95CA006B9705 /* background-music-aac.caf */ = {isa = PBXFileReference; lastKnownFileType = file; name = "background-music-aac.caf"; path = "../background-music-aac.caf"; sourceTree = "<group>"; };
		3DEED3BC1DAE95CA006B9705 /* pew-pew-lei.caf */ = {isa = PBXFileReference; lastKnownFileType = file; name = "pew-pew-lei.caf"; path = "../pew-pew-lei.caf"; sourceTree = "<group>"; };
		3DEED3BF1DAEABF2006B9705 /* GameOverScene.swift */ = {isa = PBXFileReference; fileEncoding = 4; lastKnownFileType = sourcecode.swift; path = GameOverScene.swift; sourceTree = "<group>"; };
/* End PBXFileReference section */

/* Begin PBXFrameworksBuildPhase section */
		3DEED3991DAE9364006B9705 /* Frameworks */ = {
			isa = PBXFrameworksBuildPhase;
			buildActionMask = 2147483647;
			files = (
			);
			runOnlyForDeploymentPostprocessing = 0;
		};
/* End PBXFrameworksBuildPhase section */

/* Begin PBXGroup section */
		3DEED3931DAE9364006B9705 = {
			isa = PBXGroup;
			children = (
				3DEED39E1DAE9364006B9705 /* SpriteKitSimpleGame */,
				3DEED39D1DAE9364006B9705 /* Products */,
			);
			sourceTree = "<group>";
		};
		3DEED39D1DAE9364006B9705 /* Products */ = {
			isa = PBXGroup;
			children = (
				3DEED39C1DAE9364006B9705 /* SpriteKitSimpleGame.app */,
			);
			name = Products;
			sourceTree = "<group>";
		};
		3DEED39E1DAE9364006B9705 /* SpriteKitSimpleGame */ = {
			isa = PBXGroup;
			children = (
				3DEED39F1DAE9364006B9705 /* AppDelegate.swift */,
				3DEED3A31DAE9364006B9705 /* Actions.sks */,
				3DEED3A51DAE9364006B9705 /* GameScene.swift */,
				3DEED3BF1DAEABF2006B9705 /* GameOverScene.swift */,
				3DEED3A71DAE9364006B9705 /* GameViewController.swift */,
				3DEED3B71DAE955B006B9705 /* Support */,
			);
			path = SpriteKitSimpleGame;
			sourceTree = "<group>";
		};
		3DEED3B71DAE955B006B9705 /* Support */ = {
			isa = PBXGroup;
			children = (
				3DEED3B81DAE9578006B9705 /* Sound */,
				3DEED3A91DAE9364006B9705 /* Main.storyboard */,
				3DEED3AC1DAE9364006B9705 /* Assets.xcassets */,
				3DEED3AE1DAE9364006B9705 /* LaunchScreen.storyboard */,
				3DEED3B11DAE9364006B9705 /* Info.plist */,
			);
			name = Support;
			sourceTree = "<group>";
		};
		3DEED3B81DAE9578006B9705 /* Sound */ = {
			isa = PBXGroup;
			children = (
				3DEED3BB1DAE95CA006B9705 /* background-music-aac.caf */,
				3DEED3BC1DAE95CA006B9705 /* pew-pew-lei.caf */,
			);
			name = Sound;
			sourceTree = "<group>";
		};
/* End PBXGroup section */

/* Begin PBXNativeTarget section */
		3DEED39B1DAE9364006B9705 /* SpriteKitSimpleGame */ = {
			isa = PBXNativeTarget;
			buildConfigurationList = 3DEED3B41DAE9364006B9705 /* Build configuration list for PBXNativeTarget "SpriteKitSimpleGame" */;
			buildPhases = (
				3DEED3981DAE9364006B9705 /* Sources */,
				3DEED3991DAE9364006B9705 /* Frameworks */,
				3DEED39A1DAE9364006B9705 /* Resources */,
			);
			buildRules = (
			);
			dependencies = (
			);
			name = SpriteKitSimpleGame;
			productName = SpriteKitSimpleGame;
			productReference = 3DEED39C1DAE9364006B9705 /* SpriteKitSimpleGame.app */;
			productType = "com.apple.product-type.application";
		};
/* End PBXNativeTarget section */

/* Begin PBXProject section */
		3DEED3941DAE9364006B9705 /* Project object */ = {
			isa = PBXProject;
			attributes = {
				LastSwiftUpdateCheck = 0800;
				LastUpgradeCheck = 0800;
				ORGANIZATIONNAME = "Amy Joscelyn";
				TargetAttributes = {
					3DEED39B1DAE9364006B9705 = {
						CreatedOnToolsVersion = 8.0;
						DevelopmentTeam = 356QF5S3U7;
						ProvisioningStyle = Automatic;
					};
				};
			};
			buildConfigurationList = 3DEED3971DAE9364006B9705 /* Build configuration list for PBXProject "SpriteKitSimpleGame" */;
			compatibilityVersion = "Xcode 3.2";
			developmentRegion = English;
			hasScannedForEncodings = 0;
			knownRegions = (
				en,
				Base,
			);
			mainGroup = 3DEED3931DAE9364006B9705;
			productRefGroup = 3DEED39D1DAE9364006B9705 /* Products */;
			projectDirPath = "";
			projectRoot = "";
			targets = (
				3DEED39B1DAE9364006B9705 /* SpriteKitSimpleGame */,
			);
		};
/* End PBXProject section */

/* Begin PBXResourcesBuildPhase section */
		3DEED39A1DAE9364006B9705 /* Resources */ = {
			isa = PBXResourcesBuildPhase;
			buildActionMask = 2147483647;
			files = (
				3DEED3BD1DAE95CA006B9705 /* background-music-aac.caf in Resources */,
				3DEED3AB1DAE9364006B9705 /* Main.storyboard in Resources */,
				3DEED3AD1DAE9364006B9705 /* Assets.xcassets in Resources */,
				3DEED3B01DAE9364006B9705 /* LaunchScreen.storyboard in Resources */,
				3DEED3A41DAE9364006B9705 /* Actions.sks in Resources */,
				3DEED3BE1DAE95CA006B9705 /* pew-pew-lei.caf in Resources */,
			);
			runOnlyForDeploymentPostprocessing = 0;
		};
/* End PBXResourcesBuildPhase section */

/* Begin PBXSourcesBuildPhase section */
		3DEED3981DAE9364006B9705 /* Sources */ = {
			isa = PBXSourcesBuildPhase;
			buildActionMask = 2147483647;
			files = (
				3DEED3A61DAE9364006B9705 /* GameScene.swift in Sources */,
				3DEED3A81DAE9364006B9705 /* GameViewController.swift in Sources */,
				3DEED3C01DAEABF2006B9705 /* GameOverScene.swift in Sources */,
				3DEED3A01DAE9364006B9705 /* AppDelegate.swift in Sources */,
			);
			runOnlyForDeploymentPostprocessing = 0;
		};
/* End PBXSourcesBuildPhase section */

/* Begin PBXVariantGroup section */
		3DEED3A91DAE9364006B9705 /* Main.storyboard */ = {
			isa = PBXVariantGroup;
			children = (
				3DEED3AA1DAE9364006B9705 /* Base */,
			);
			name = Main.storyboard;
			sourceTree = "<group>";
		};
		3DEED3AE1DAE9364006B9705 /* LaunchScreen.storyboard */ = {
			isa = PBXVariantGroup;
			children = (
				3DEED3AF1DAE9364006B9705 /* Base */,
			);
			name = LaunchScreen.storyboard;
			sourceTree = "<group>";
		};
/* End PBXVariantGroup section */

/* Begin XCBuildConfiguration section */
		3DEED3B21DAE9364006B9705 /* Debug */ = {
			isa = XCBuildConfiguration;
			buildSettings = {
				ALWAYS_SEARCH_USER_PATHS = NO;
				CLANG_ANALYZER_NONNULL = YES;
				CLANG_CXX_LANGUAGE_STANDARD = "gnu++0x";
				CLANG_CXX_LIBRARY = "libc++";
				CLANG_ENABLE_MODULES = YES;
				CLANG_ENABLE_OBJC_ARC = YES;
				CLANG_WARN_BOOL_CONVERSION = YES;
				CLANG_WARN_CONSTANT_CONVERSION = YES;
				CLANG_WARN_DIRECT_OBJC_ISA_USAGE = YES_ERROR;
				CLANG_WARN_DOCUMENTATION_COMMENTS = YES;
				CLANG_WARN_EMPTY_BODY = YES;
				CLANG_WARN_ENUM_CONVERSION = YES;
				CLANG_WARN_INFINITE_RECURSION = YES;
				CLANG_WARN_INT_CONVERSION = YES;
				CLANG_WARN_OBJC_ROOT_CLASS = YES_ERROR;
				CLANG_WARN_SUSPICIOUS_MOVES = YES;
				CLANG_WARN_UNREACHABLE_CODE = YES;
				CLANG_WARN__DUPLICATE_METHOD_MATCH = YES;
				"CODE_SIGN_IDENTITY[sdk=iphoneos*]" = "iPhone Developer";
				COPY_PHASE_STRIP = NO;
				DEBUG_INFORMATION_FORMAT = dwarf;
				ENABLE_STRICT_OBJC_MSGSEND = YES;
				ENABLE_TESTABILITY = YES;
				GCC_C_LANGUAGE_STANDARD = gnu99;
				GCC_DYNAMIC_NO_PIC = NO;
				GCC_NO_COMMON_BLOCKS = YES;
				GCC_OPTIMIZATION_LEVEL = 0;
				GCC_PREPROCESSOR_DEFINITIONS = (
					"DEBUG=1",
					"$(inherited)",
				);
				GCC_WARN_64_TO_32_BIT_CONVERSION = YES;
				GCC_WARN_ABOUT_RETURN_TYPE = YES_ERROR;
				GCC_WARN_UNDECLARED_SELECTOR = YES;
				GCC_WARN_UNINITIALIZED_AUTOS = YES_AGGRESSIVE;
				GCC_WARN_UNUSED_FUNCTION = YES;
				GCC_WARN_UNUSED_VARIABLE = YES;
				IPHONEOS_DEPLOYMENT_TARGET = 10.0;
				MTL_ENABLE_DEBUG_INFO = YES;
				ONLY_ACTIVE_ARCH = YES;
				SDKROOT = iphoneos;
				SWIFT_ACTIVE_COMPILATION_CONDITIONS = DEBUG;
				SWIFT_OPTIMIZATION_LEVEL = "-Onone";
			};
			name = Debug;
		};
		3DEED3B31DAE9364006B9705 /* Release */ = {
			isa = XCBuildConfiguration;
			buildSettings = {
				ALWAYS_SEARCH_USER_PATHS = NO;
				CLANG_ANALYZER_NONNULL = YES;
				CLANG_CXX_LANGUAGE_STANDARD = "gnu++0x";
				CLANG_CXX_LIBRARY = "libc++";
				CLANG_ENABLE_MODULES = YES;
				CLANG_ENABLE_OBJC_ARC = YES;
				CLANG_WARN_BOOL_CONVERSION = YES;
				CLANG_WARN_CONSTANT_CONVERSION = YES;
				CLANG_WARN_DIRECT_OBJC_ISA_USAGE = YES_ERROR;
				CLANG_WARN_DOCUMENTATION_COMMENTS = YES;
				CLANG_WARN_EMPTY_BODY = YES;
				CLANG_WARN_ENUM_CONVERSION = YES;
				CLANG_WARN_INFINITE_RECURSION = YES;
				CLANG_WARN_INT_CONVERSION = YES;
				CLANG_WARN_OBJC_ROOT_CLASS = YES_ERROR;
				CLANG_WARN_SUSPICIOUS_MOVES = YES;
				CLANG_WARN_UNREACHABLE_CODE = YES;
				CLANG_WARN__DUPLICATE_METHOD_MATCH = YES;
				"CODE_SIGN_IDENTITY[sdk=iphoneos*]" = "iPhone Developer";
				COPY_PHASE_STRIP = NO;
				DEBUG_INFORMATION_FORMAT = "dwarf-with-dsym";
				ENABLE_NS_ASSERTIONS = NO;
				ENABLE_STRICT_OBJC_MSGSEND = YES;
				GCC_C_LANGUAGE_STANDARD = gnu99;
				GCC_NO_COMMON_BLOCKS = YES;
				GCC_WARN_64_TO_32_BIT_CONVERSION = YES;
				GCC_WARN_ABOUT_RETURN_TYPE = YES_ERROR;
				GCC_WARN_UNDECLARED_SELECTOR = YES;
				GCC_WARN_UNINITIALIZED_AUTOS = YES_AGGRESSIVE;
				GCC_WARN_UNUSED_FUNCTION = YES;
				GCC_WARN_UNUSED_VARIABLE = YES;
				IPHONEOS_DEPLOYMENT_TARGET = 10.0;
				MTL_ENABLE_DEBUG_INFO = NO;
				SDKROOT = iphoneos;
				SWIFT_OPTIMIZATION_LEVEL = "-Owholemodule";
				VALIDATE_PRODUCT = YES;
			};
			name = Release;
		};
		3DEED3B51DAE9364006B9705 /* Debug */ = {
			isa = XCBuildConfiguration;
			buildSettings = {
				ASSETCATALOG_COMPILER_APPICON_NAME = AppIcon;
				DEVELOPMENT_TEAM = 356QF5S3U7;
				INFOPLIST_FILE = SpriteKitSimpleGame/Info.plist;
				IPHONEOS_DEPLOYMENT_TARGET = 10.0;
				LD_RUNPATH_SEARCH_PATHS = "$(inherited) @executable_path/Frameworks";
				PRODUCT_BUNDLE_IDENTIFIER = com.amyjoscelyn.SpriteKitSimpleGame;
				PRODUCT_NAME = "$(TARGET_NAME)";
				SWIFT_VERSION = 3.0;
			};
			name = Debug;
		};
		3DEED3B61DAE9364006B9705 /* Release */ = {
			isa = XCBuildConfiguration;
			buildSettings = {
				ASSETCATALOG_COMPILER_APPICON_NAME = AppIcon;
				DEVELOPMENT_TEAM = 356QF5S3U7;
				INFOPLIST_FILE = SpriteKitSimpleGame/Info.plist;
				IPHONEOS_DEPLOYMENT_TARGET = 10.0;
				LD_RUNPATH_SEARCH_PATHS = "$(inherited) @executable_path/Frameworks";
				PRODUCT_BUNDLE_IDENTIFIER = com.amyjoscelyn.SpriteKitSimpleGame;
				PRODUCT_NAME = "$(TARGET_NAME)";
				SWIFT_VERSION = 3.0;
			};
			name = Release;
		};
/* End XCBuildConfiguration section */

/* Begin XCConfigurationList section */
		3DEED3971DAE9364006B9705 /* Build configuration list for PBXProject "SpriteKitSimpleGame" */ = {
			isa = XCConfigurationList;
			buildConfigurations = (
				3DEED3B21DAE9364006B9705 /* Debug */,
				3DEED3B31DAE9364006B9705 /* Release */,
			);
			defaultConfigurationIsVisible = 0;
			defaultConfigurationName = Release;
		};
		3DEED3B41DAE9364006B9705 /* Build configuration list for PBXNativeTarget "SpriteKitSimpleGame" */ = {
			isa = XCConfigurationList;
			buildConfigurations = (
				3DEED3B51DAE9364006B9705 /* Debug */,
				3DEED3B61DAE9364006B9705 /* Release */,
			);
			defaultConfigurationIsVisible = 0;
		};
/* End XCConfigurationList section */
	};
	rootObject = 3DEED3941DAE9364006B9705 /* Project object */;
}
